
Microsoft Visual Studio Solution File, Format Version 12.00
# Visual Studio Version 16
VisualStudioVersion = 16.0.30907.101
MinimumVisualStudioVersion = 10.0.40219.1
Project("{9A19103F-16F7-4668-BE54-9A1E7A4F7556}") = "WIPFLI", "WIPFLI\WIPFLI.csproj", "{F643B177-94B7-444B-B30C-7FFBB97366F3}"
EndProject
Project("{2150E333-8FDC-42A3-9474-1A3956D46DE8}") = "UnitTests", "UnitTests", "{1BF53A0C-E3A2-48FD-8695-67EA69C9F012}"
EndProject
Project("{FAE04EC0-301F-11D3-BF4B-00C04F79EFBC}") = "Store.API.UnitTests", "Store.API.UnitTests\Store.API.UnitTests.csproj", "{52341C40-F377-40FD-99A4-ED845B41738D}"
EndProject
Global
	GlobalSection(SolutionConfigurationPlatforms) = preSolution
		Debug|Any CPU = Debug|Any CPU
		Release|Any CPU = Release|Any CPU
	EndGlobalSection
	GlobalSection(ProjectConfigurationPlatforms) = postSolution
		{F643B177-94B7-444B-B30C-7FFBB97366F3}.Debug|Any CPU.ActiveCfg = Debug|Any CPU
		{F643B177-94B7-444B-B30C-7FFBB97366F3}.Debug|Any CPU.Build.0 = Debug|Any CPU
		{F643B177-94B7-444B-B30C-7FFBB97366F3}.Release|Any CPU.ActiveCfg = Release|Any CPU
		{F643B177-94B7-444B-B30C-7FFBB97366F3}.Release|Any CPU.Build.0 = Release|Any CPU
		{52341C40-F377-40FD-99A4-ED845B41738D}.Debug|Any CPU.ActiveCfg = Debug|Any CPU
		{52341C40-F377-40FD-99A4-ED845B41738D}.Debug|Any CPU.Build.0 = Debug|Any CPU
		{52341C40-F377-40FD-99A4-ED845B41738D}.Release|Any CPU.ActiveCfg = Release|Any CPU
		{52341C40-F377-40FD-99A4-ED845B41738D}.Release|Any CPU.Build.0 = Release|Any CPU
	EndGlobalSection
	GlobalSection(SolutionProperties) = preSolution
		HideSolutionNode = FALSE
	EndGlobalSection
	GlobalSection(NestedProjects) = preSolution
		{52341C40-F377-40FD-99A4-ED845B41738D} = {1BF53A0C-E3A2-48FD-8695-67EA69C9F012}
	EndGlobalSection
	GlobalSection(ExtensibilityGlobals) = postSolution
		SolutionGuid = {12D7FD6D-58EA-4157-B90C-116FCB14500E}
	EndGlobalSection
EndGlobal
